# THIS IS AN AUTOGENERATED FILE. DO NOT EDIT THIS FILE DIRECTLY.
# yarn lockfile v1


axios@^0.21.1:
  version "0.21.1"
  resolved "https://registry.yarnpkg.com/axios/-/axios-0.21.1.tgz#22563481962f4d6bde9a76d516ef0e5d3c09b2b8"
  integrity sha512-dKQiRHxGD9PPRIUNIWvZhPTPpl1rf/OxTYKsqKUDjBwYylTvV7SjSHJb9ratfyzM6wCdLCOYLzs73qpg5c4iGA==
  dependencies:
    follow-redirects "^1.10.0"

coffeescript@^2.4.1:
  version "2.4.1"
  resolved "https://registry.npmjs.org/coffeescript/-/coffeescript-2.4.1.tgz#815fd337df0a34d49e74a98a6ebea9c3e7930f70"
  integrity sha512-34GV1aHrsMpTaO3KfMJL40ZNuvKDR/g98THHnE9bQj8HjMaZvSrLik99WWqyMhRtbe8V5hpx5iLgdcSvM/S2wg==

follow-redirects@^1.10.0:
  version "1.13.1"
  resolved "https://registry.yarnpkg.com/follow-redirects/-/follow-redirects-1.13.1.tgz#5f69b813376cee4fd0474a3aba835df04ab763b7"
  integrity sha512-SSG5xmZh1mkPGyKzjZP8zLjltIfpW32Y5QpdNJyjcfGxK3qo3NDDkZOZSFiGn1A6SclQxY9GzEwAHQ3dmYRWpg==

luxon@^1.17.2:
  version "1.20.0"
  resolved "https://registry.npmjs.org/luxon/-/luxon-1.20.0.tgz#5ea35420b16baa94f255883865bf43381c828c34"
  integrity sha512-2CT/4Du/PS64ayCpZOt2VWeiw0Hk77f3SvrAHt1AE2MB1aSHh/6J1QcW+lDFxdpx0hoHZJ+fEKJUybrsK96vUQ==
